// !$*UTF8*$!
{
	archiveVersion = 1;
	classes = {
	};
	objectVersion = 48;
	objects = {

/* Begin PBXBuildFile section */
		D417056A23D39476002425B1 /* InputTests.swift in Sources */ = {isa = PBXBuildFile; fileRef = D417056923D39476002425B1 /* InputTests.swift */; };
		D417057223DE20DA002425B1 /* LevelTests.swift in Sources */ = {isa = PBXBuildFile; fileRef = D417057123DE20DA002425B1 /* LevelTests.swift */; };
		D417057423DE447F002425B1 /* GameTimer.swift in Sources */ = {isa = PBXBuildFile; fileRef = D417057323DE447F002425B1 /* GameTimer.swift */; };
		D417057623DE4495002425B1 /* GameTimerTests.swift in Sources */ = {isa = PBXBuildFile; fileRef = D417057523DE4495002425B1 /* GameTimerTests.swift */; };
		D4233D6B23CB902E00152411 /* GameSceneTests.swift in Sources */ = {isa = PBXBuildFile; fileRef = D4233D6A23CB902E00152411 /* GameSceneTests.swift */; };
		D4713E4923A6B31200259583 /* Shaders.metal in Sources */ = {isa = PBXBuildFile; fileRef = D4713E4823A6B31200259583 /* Shaders.metal */; };
		D4713E5123A6BCD300259583 /* Matrix4.m in Sources */ = {isa = PBXBuildFile; fileRef = D4713E5023A6BCD300259583 /* Matrix4.m */; };
		D4713E5323A6BD6B00259583 /* Node3d.swift in Sources */ = {isa = PBXBuildFile; fileRef = D4713E5223A6BD6B00259583 /* Node3d.swift */; };
		D4713E5723A6C70500259583 /* Cube.swift in Sources */ = {isa = PBXBuildFile; fileRef = D4713E5623A6C70500259583 /* Cube.swift */; };
		D4713E5A23A8619900259583 /* MetalViewController.swift in Sources */ = {isa = PBXBuildFile; fileRef = D4713E5823A8619800259583 /* MetalViewController.swift */; };
		D4713E5B23A8619900259583 /* MySceneViewController.swift in Sources */ = {isa = PBXBuildFile; fileRef = D4713E5923A8619800259583 /* MySceneViewController.swift */; };
		D4713E5D23A868C000259583 /* BufferProvider.swift in Sources */ = {isa = PBXBuildFile; fileRef = D4713E5C23A868C000259583 /* BufferProvider.swift */; };
		D4713E5F23A875F400259583 /* MetalTexture.swift in Sources */ = {isa = PBXBuildFile; fileRef = D4713E5E23A875F300259583 /* MetalTexture.swift */; };
		D4713E6123A87A8D00259583 /* cube.png in Resources */ = {isa = PBXBuildFile; fileRef = D4713E6023A87A8D00259583 /* cube.png */; };
		D4713E6623ABC3E000259583 /* GameWorld.swift in Sources */ = {isa = PBXBuildFile; fileRef = D4713E6223ABC3DF00259583 /* GameWorld.swift */; };
		D4713E6723ABC3E000259583 /* Player.swift in Sources */ = {isa = PBXBuildFile; fileRef = D4713E6323ABC3DF00259583 /* Player.swift */; };
		D4713E6823ABC3E000259583 /* LevelManager.swift in Sources */ = {isa = PBXBuildFile; fileRef = D4713E6423ABC3DF00259583 /* LevelManager.swift */; };
		D4713E6C23ABC58C00259583 /* GameWorldTests.swift in Sources */ = {isa = PBXBuildFile; fileRef = D4713E6A23ABC58C00259583 /* GameWorldTests.swift */; };
		D4713E6F23ABC73400259583 /* Vector3.swift in Sources */ = {isa = PBXBuildFile; fileRef = D4713E6E23ABC73400259583 /* Vector3.swift */; };
		D4713E7423ABC8B300259583 /* PlayerTests.swift in Sources */ = {isa = PBXBuildFile; fileRef = D4713E7323ABC8B300259583 /* PlayerTests.swift */; };
		D4713E7623ABCBA000259583 /* GameObjectTests.swift in Sources */ = {isa = PBXBuildFile; fileRef = D4713E7523ABCBA000259583 /* GameObjectTests.swift */; };
		D4713E7823ABCBB500259583 /* GameObject.swift in Sources */ = {isa = PBXBuildFile; fileRef = D4713E7723ABCBB500259583 /* GameObject.swift */; };
		D4713E7A23B4F9CF00259583 /* SentientActor.swift in Sources */ = {isa = PBXBuildFile; fileRef = D4713E7923B4F9CF00259583 /* SentientActor.swift */; };
		D4713E7C23B4F9FB00259583 /* EnemyTests.swift in Sources */ = {isa = PBXBuildFile; fileRef = D4713E7B23B4F9FB00259583 /* EnemyTests.swift */; };
		D4713E7E23B4FA1000259583 /* SentientActorTests.swift in Sources */ = {isa = PBXBuildFile; fileRef = D4713E7D23B4FA1000259583 /* SentientActorTests.swift */; };
		D477F68F239DA3FA00B8BB56 /* AppDelegate.swift in Sources */ = {isa = PBXBuildFile; fileRef = D477F68E239DA3FA00B8BB56 /* AppDelegate.swift */; };
		D477F694239DA3FA00B8BB56 /* Main.storyboard in Resources */ = {isa = PBXBuildFile; fileRef = D477F692239DA3FA00B8BB56 /* Main.storyboard */; };
		D477F696239DA3FA00B8BB56 /* Assets.xcassets in Resources */ = {isa = PBXBuildFile; fileRef = D477F695239DA3FA00B8BB56 /* Assets.xcassets */; };
		D477F699239DA3FA00B8BB56 /* LaunchScreen.storyboard in Resources */ = {isa = PBXBuildFile; fileRef = D477F697239DA3FA00B8BB56 /* LaunchScreen.storyboard */; };
		D477F6A4239DA3FA00B8BB56 /* ProjectOITests.swift in Sources */ = {isa = PBXBuildFile; fileRef = D477F6A3239DA3FA00B8BB56 /* ProjectOITests.swift */; };
		D477F6B0239DA9FE00B8BB56 /* SpriteKit.framework in Frameworks */ = {isa = PBXBuildFile; fileRef = D477F6AF239DA9FE00B8BB56 /* SpriteKit.framework */; };
		D477F6C1239DC86D00B8BB56 /* Level.swift in Sources */ = {isa = PBXBuildFile; fileRef = D477F6C0239DC86D00B8BB56 /* Level.swift */; };
		D477F6CA239E882600B8BB56 /* LEVELS.xml in Resources */ = {isa = PBXBuildFile; fileRef = D477F6C9239E882600B8BB56 /* LEVELS.xml */; };
		D477F6CC239E934000B8BB56 /* Enemy.swift in Sources */ = {isa = PBXBuildFile; fileRef = D477F6CB239E934000B8BB56 /* Enemy.swift */; };
		D477F6D023A1B8FC00B8BB56 /* LevelManagerTests.swift in Sources */ = {isa = PBXBuildFile; fileRef = D477F6CF23A1B8FC00B8BB56 /* LevelManagerTests.swift */; };
		D477F6D423A55C5B00B8BB56 /* Vertex.swift in Sources */ = {isa = PBXBuildFile; fileRef = D477F6D323A55C5B00B8BB56 /* Vertex.swift */; };
		D477F6DC23A586E500B8BB56 /* Metal.framework in Frameworks */ = {isa = PBXBuildFile; fileRef = D477F6DB23A586E500B8BB56 /* Metal.framework */; };
		D47F71D423E084CB00C90BA4 /* GameSettings.xml in Resources */ = {isa = PBXBuildFile; fileRef = D47F71D323E084CB00C90BA4 /* GameSettings.xml */; };
		D47F71D623E0856E00C90BA4 /* GameSettingsXML.swift in Sources */ = {isa = PBXBuildFile; fileRef = D47F71D523E0856E00C90BA4 /* GameSettingsXML.swift */; };
		D47F71D823E0857E00C90BA4 /* GameSettingsXMLTests.swift in Sources */ = {isa = PBXBuildFile; fileRef = D47F71D723E0857E00C90BA4 /* GameSettingsXMLTests.swift */; };
		D47F71DC23E1CDE700C90BA4 /* TestGameSettings.xml in Resources */ = {isa = PBXBuildFile; fileRef = D47F71DB23E1CDE700C90BA4 /* TestGameSettings.xml */; };
		D47F71DE23E1D86900C90BA4 /* Math.swift in Sources */ = {isa = PBXBuildFile; fileRef = D47F71DD23E1D86900C90BA4 /* Math.swift */; };
		D47F71E223E1D88100C90BA4 /* MathTests.swift in Sources */ = {isa = PBXBuildFile; fileRef = D47F71E123E1D88100C90BA4 /* MathTests.swift */; };
		D49B2D3A23C4D72B00C1E1C6 /* GameScene.swift in Sources */ = {isa = PBXBuildFile; fileRef = D49B2D3923C4D72B00C1E1C6 /* GameScene.swift */; };
		D49B2D4023C4D8D700C1E1C6 /* MainViewController.swift in Sources */ = {isa = PBXBuildFile; fileRef = D49B2D3F23C4D8D700C1E1C6 /* MainViewController.swift */; };
		D49B2D4223C61EA100C1E1C6 /* Node.swift in Sources */ = {isa = PBXBuildFile; fileRef = D49B2D4123C61EA100C1E1C6 /* Node.swift */; };
		D4CB89FD23CD603400A76D64 /* Input.swift in Sources */ = {isa = PBXBuildFile; fileRef = D4CB89FC23CD603400A76D64 /* Input.swift */; };
/* End PBXBuildFile section */

/* Begin PBXContainerItemProxy section */
		D477F6A0239DA3FA00B8BB56 /* PBXContainerItemProxy */ = {
			isa = PBXContainerItemProxy;
			containerPortal = D477F683239DA3FA00B8BB56 /* Project object */;
			proxyType = 1;
			remoteGlobalIDString = D477F68A239DA3FA00B8BB56;
			remoteInfo = ProjectOI;
		};
/* End PBXContainerItemProxy section */

/* Begin PBXFileReference section */
		D417056923D39476002425B1 /* InputTests.swift */ = {isa = PBXFileReference; lastKnownFileType = sourcecode.swift; path = InputTests.swift; sourceTree = "<group>"; };
		D417057123DE20DA002425B1 /* LevelTests.swift */ = {isa = PBXFileReference; lastKnownFileType = sourcecode.swift; path = LevelTests.swift; sourceTree = "<group>"; };
		D417057323DE447F002425B1 /* GameTimer.swift */ = {isa = PBXFileReference; lastKnownFileType = sourcecode.swift; path = GameTimer.swift; sourceTree = "<group>"; };
		D417057523DE4495002425B1 /* GameTimerTests.swift */ = {isa = PBXFileReference; lastKnownFileType = sourcecode.swift; path = GameTimerTests.swift; sourceTree = "<group>"; };
		D4233D6A23CB902E00152411 /* GameSceneTests.swift */ = {isa = PBXFileReference; lastKnownFileType = sourcecode.swift; path = GameSceneTests.swift; sourceTree = "<group>"; };
		D4713E4823A6B31200259583 /* Shaders.metal */ = {isa = PBXFileReference; lastKnownFileType = sourcecode.metal; path = Shaders.metal; sourceTree = "<group>"; };
		D4713E4F23A6BCD200259583 /* Matrix4.h */ = {isa = PBXFileReference; fileEncoding = 4; lastKnownFileType = sourcecode.c.h; path = Matrix4.h; sourceTree = "<group>"; };
		D4713E5023A6BCD300259583 /* Matrix4.m */ = {isa = PBXFileReference; fileEncoding = 4; lastKnownFileType = sourcecode.c.objc; path = Matrix4.m; sourceTree = "<group>"; };
		D4713E5223A6BD6B00259583 /* Node3d.swift */ = {isa = PBXFileReference; lastKnownFileType = sourcecode.swift; path = Node3d.swift; sourceTree = "<group>"; };
		D4713E5623A6C70500259583 /* Cube.swift */ = {isa = PBXFileReference; lastKnownFileType = sourcecode.swift; path = Cube.swift; sourceTree = "<group>"; };
		D4713E5823A8619800259583 /* MetalViewController.swift */ = {isa = PBXFileReference; fileEncoding = 4; lastKnownFileType = sourcecode.swift; path = MetalViewController.swift; sourceTree = "<group>"; };
		D4713E5923A8619800259583 /* MySceneViewController.swift */ = {isa = PBXFileReference; fileEncoding = 4; lastKnownFileType = sourcecode.swift; path = MySceneViewController.swift; sourceTree = "<group>"; };
		D4713E5C23A868C000259583 /* BufferProvider.swift */ = {isa = PBXFileReference; lastKnownFileType = sourcecode.swift; path = BufferProvider.swift; sourceTree = "<group>"; };
		D4713E5E23A875F300259583 /* MetalTexture.swift */ = {isa = PBXFileReference; fileEncoding = 4; lastKnownFileType = sourcecode.swift; path = MetalTexture.swift; sourceTree = "<group>"; };
		D4713E6023A87A8D00259583 /* cube.png */ = {isa = PBXFileReference; lastKnownFileType = image.png; path = cube.png; sourceTree = "<group>"; };
		D4713E6223ABC3DF00259583 /* GameWorld.swift */ = {isa = PBXFileReference; fileEncoding = 4; lastKnownFileType = sourcecode.swift; path = GameWorld.swift; sourceTree = "<group>"; };
		D4713E6323ABC3DF00259583 /* Player.swift */ = {isa = PBXFileReference; fileEncoding = 4; lastKnownFileType = sourcecode.swift; path = Player.swift; sourceTree = "<group>"; };
		D4713E6423ABC3DF00259583 /* LevelManager.swift */ = {isa = PBXFileReference; fileEncoding = 4; lastKnownFileType = sourcecode.swift; path = LevelManager.swift; sourceTree = "<group>"; };
		D4713E6A23ABC58C00259583 /* GameWorldTests.swift */ = {isa = PBXFileReference; fileEncoding = 4; lastKnownFileType = sourcecode.swift; path = GameWorldTests.swift; sourceTree = "<group>"; };
		D4713E6E23ABC73400259583 /* Vector3.swift */ = {isa = PBXFileReference; lastKnownFileType = sourcecode.swift; path = Vector3.swift; sourceTree = "<group>"; };
		D4713E7323ABC8B300259583 /* PlayerTests.swift */ = {isa = PBXFileReference; lastKnownFileType = sourcecode.swift; path = PlayerTests.swift; sourceTree = "<group>"; };
		D4713E7523ABCBA000259583 /* GameObjectTests.swift */ = {isa = PBXFileReference; lastKnownFileType = sourcecode.swift; path = GameObjectTests.swift; sourceTree = "<group>"; };
		D4713E7723ABCBB500259583 /* GameObject.swift */ = {isa = PBXFileReference; lastKnownFileType = sourcecode.swift; path = GameObject.swift; sourceTree = "<group>"; };
		D4713E7923B4F9CF00259583 /* SentientActor.swift */ = {isa = PBXFileReference; lastKnownFileType = sourcecode.swift; path = SentientActor.swift; sourceTree = "<group>"; };
		D4713E7B23B4F9FB00259583 /* EnemyTests.swift */ = {isa = PBXFileReference; lastKnownFileType = sourcecode.swift; path = EnemyTests.swift; sourceTree = "<group>"; };
		D4713E7D23B4FA1000259583 /* SentientActorTests.swift */ = {isa = PBXFileReference; lastKnownFileType = sourcecode.swift; path = SentientActorTests.swift; sourceTree = "<group>"; };
		D477F68B239DA3FA00B8BB56 /* ProjectOI.app */ = {isa = PBXFileReference; explicitFileType = wrapper.application; includeInIndex = 0; path = ProjectOI.app; sourceTree = BUILT_PRODUCTS_DIR; };
		D477F68E239DA3FA00B8BB56 /* AppDelegate.swift */ = {isa = PBXFileReference; lastKnownFileType = sourcecode.swift; path = AppDelegate.swift; sourceTree = "<group>"; };
		D477F693239DA3FA00B8BB56 /* Base */ = {isa = PBXFileReference; lastKnownFileType = file.storyboard; name = Base; path = Base.lproj/Main.storyboard; sourceTree = "<group>"; };
		D477F695239DA3FA00B8BB56 /* Assets.xcassets */ = {isa = PBXFileReference; lastKnownFileType = folder.assetcatalog; path = Assets.xcassets; sourceTree = "<group>"; };
		D477F698239DA3FA00B8BB56 /* Base */ = {isa = PBXFileReference; lastKnownFileType = file.storyboard; name = Base; path = Base.lproj/LaunchScreen.storyboard; sourceTree = "<group>"; };
		D477F69A239DA3FA00B8BB56 /* Info.plist */ = {isa = PBXFileReference; lastKnownFileType = text.plist.xml; path = Info.plist; sourceTree = "<group>"; };
		D477F69F239DA3FA00B8BB56 /* ProjectOITests.xctest */ = {isa = PBXFileReference; explicitFileType = wrapper.cfbundle; includeInIndex = 0; path = ProjectOITests.xctest; sourceTree = BUILT_PRODUCTS_DIR; };
		D477F6A3239DA3FA00B8BB56 /* ProjectOITests.swift */ = {isa = PBXFileReference; lastKnownFileType = sourcecode.swift; path = ProjectOITests.swift; sourceTree = "<group>"; };
		D477F6A5239DA3FA00B8BB56 /* Info.plist */ = {isa = PBXFileReference; lastKnownFileType = text.plist.xml; path = Info.plist; sourceTree = "<group>"; };
		D477F6AF239DA9FE00B8BB56 /* SpriteKit.framework */ = {isa = PBXFileReference; lastKnownFileType = wrapper.framework; name = SpriteKit.framework; path = System/Library/Frameworks/SpriteKit.framework; sourceTree = SDKROOT; };
		D477F6B1239DAAA500B8BB56 /* SceneKit.framework */ = {isa = PBXFileReference; lastKnownFileType = wrapper.framework; name = SceneKit.framework; path = System/Library/Frameworks/SceneKit.framework; sourceTree = SDKROOT; };
		D477F6C0239DC86D00B8BB56 /* Level.swift */ = {isa = PBXFileReference; lastKnownFileType = sourcecode.swift; path = Level.swift; sourceTree = "<group>"; };
		D477F6C3239DCFD400B8BB56 /* ProjectOI-Bridging-Header.h */ = {isa = PBXFileReference; lastKnownFileType = sourcecode.c.h; path = "ProjectOI-Bridging-Header.h"; sourceTree = "<group>"; };
		D477F6C7239DD9A200B8BB56 /* libxml2.tbd */ = {isa = PBXFileReference; lastKnownFileType = "sourcecode.text-based-dylib-definition"; name = libxml2.tbd; path = usr/lib/libxml2.tbd; sourceTree = SDKROOT; };
		D477F6C9239E882600B8BB56 /* LEVELS.xml */ = {isa = PBXFileReference; explicitFileType = text.xml; path = LEVELS.xml; sourceTree = "<group>"; };
		D477F6CB239E934000B8BB56 /* Enemy.swift */ = {isa = PBXFileReference; lastKnownFileType = sourcecode.swift; path = Enemy.swift; sourceTree = "<group>"; };
		D477F6CF23A1B8FC00B8BB56 /* LevelManagerTests.swift */ = {isa = PBXFileReference; lastKnownFileType = sourcecode.swift; path = LevelManagerTests.swift; sourceTree = "<group>"; };
		D477F6D323A55C5B00B8BB56 /* Vertex.swift */ = {isa = PBXFileReference; lastKnownFileType = sourcecode.swift; path = Vertex.swift; sourceTree = "<group>"; };
		D477F6DB23A586E500B8BB56 /* Metal.framework */ = {isa = PBXFileReference; lastKnownFileType = wrapper.framework; name = Metal.framework; path = System/Library/Frameworks/Metal.framework; sourceTree = SDKROOT; };
		D47F71D323E084CB00C90BA4 /* GameSettings.xml */ = {isa = PBXFileReference; lastKnownFileType = text.xml; path = GameSettings.xml; sourceTree = "<group>"; };
		D47F71D523E0856E00C90BA4 /* GameSettingsXML.swift */ = {isa = PBXFileReference; lastKnownFileType = sourcecode.swift; path = GameSettingsXML.swift; sourceTree = "<group>"; };
		D47F71D723E0857E00C90BA4 /* GameSettingsXMLTests.swift */ = {isa = PBXFileReference; lastKnownFileType = sourcecode.swift; path = GameSettingsXMLTests.swift; sourceTree = "<group>"; };
		D47F71DB23E1CDE700C90BA4 /* TestGameSettings.xml */ = {isa = PBXFileReference; lastKnownFileType = text.xml; path = TestGameSettings.xml; sourceTree = "<group>"; };
		D47F71DD23E1D86900C90BA4 /* Math.swift */ = {isa = PBXFileReference; lastKnownFileType = sourcecode.swift; path = Math.swift; sourceTree = "<group>"; };
		D47F71E123E1D88100C90BA4 /* MathTests.swift */ = {isa = PBXFileReference; lastKnownFileType = sourcecode.swift; path = MathTests.swift; sourceTree = "<group>"; };
		D49B2D3923C4D72B00C1E1C6 /* GameScene.swift */ = {isa = PBXFileReference; lastKnownFileType = sourcecode.swift; path = GameScene.swift; sourceTree = "<group>"; };
		D49B2D3F23C4D8D700C1E1C6 /* MainViewController.swift */ = {isa = PBXFileReference; lastKnownFileType = sourcecode.swift; path = MainViewController.swift; sourceTree = "<group>"; };
		D49B2D4123C61EA100C1E1C6 /* Node.swift */ = {isa = PBXFileReference; lastKnownFileType = sourcecode.swift; path = Node.swift; sourceTree = "<group>"; };
		D4CB89FC23CD603400A76D64 /* Input.swift */ = {isa = PBXFileReference; lastKnownFileType = sourcecode.swift; path = Input.swift; sourceTree = "<group>"; };
/* End PBXFileReference section */

/* Begin PBXFrameworksBuildPhase section */
		D477F688239DA3FA00B8BB56 /* Frameworks */ = {
			isa = PBXFrameworksBuildPhase;
			buildActionMask = 2147483647;
			files = (
				D477F6DC23A586E500B8BB56 /* Metal.framework in Frameworks */,
				D477F6B0239DA9FE00B8BB56 /* SpriteKit.framework in Frameworks */,
			);
			runOnlyForDeploymentPostprocessing = 0;
		};
		D477F69C239DA3FA00B8BB56 /* Frameworks */ = {
			isa = PBXFrameworksBuildPhase;
			buildActionMask = 2147483647;
			files = (
			);
			runOnlyForDeploymentPostprocessing = 0;
		};
/* End PBXFrameworksBuildPhase section */

/* Begin PBXGroup section */
		D4233D7023CBAC1600152411 /* Game Classes */ = {
			isa = PBXGroup;
			children = (
				D4713E6E23ABC73400259583 /* Vector3.swift */,
				D477F6CB239E934000B8BB56 /* Enemy.swift */,
				D4713E6323ABC3DF00259583 /* Player.swift */,
				D477F6C0239DC86D00B8BB56 /* Level.swift */,
				D4713E7923B4F9CF00259583 /* SentientActor.swift */,
				D4713E7723ABCBB500259583 /* GameObject.swift */,
				D4713E6223ABC3DF00259583 /* GameWorld.swift */,
				D4CB89FC23CD603400A76D64 /* Input.swift */,
				D417057323DE447F002425B1 /* GameTimer.swift */,
				D47F71D523E0856E00C90BA4 /* GameSettingsXML.swift */,
				D47F71DD23E1D86900C90BA4 /* Math.swift */,
			);
			path = "Game Classes";
			sourceTree = "<group>";
		};
		D4233D7223CBAC3D00152411 /* iOS Classes */ = {
			isa = PBXGroup;
			children = (
				D49B2D3F23C4D8D700C1E1C6 /* MainViewController.swift */,
				D49B2D4123C61EA100C1E1C6 /* Node.swift */,
				D49B2D3923C4D72B00C1E1C6 /* GameScene.swift */,
				D477F692239DA3FA00B8BB56 /* Main.storyboard */,
				D477F68E239DA3FA00B8BB56 /* AppDelegate.swift */,
			);
			path = "iOS Classes";
			sourceTree = "<group>";
		};
		D4233D7323CBAC6B00152411 /* Interop Classes */ = {
			isa = PBXGroup;
			children = (
				D4713E6423ABC3DF00259583 /* LevelManager.swift */,
			);
			path = "Interop Classes";
			sourceTree = "<group>";
		};
		D4233D7423CBACE600152411 /* XML Configs */ = {
			isa = PBXGroup;
			children = (
				D477F6C9239E882600B8BB56 /* LEVELS.xml */,
				D47F71D323E084CB00C90BA4 /* GameSettings.xml */,
				D47F71DB23E1CDE700C90BA4 /* TestGameSettings.xml */,
			);
			path = "XML Configs";
			sourceTree = "<group>";
		};
		D4233D7723CBCB3300152411 /* Obsolete */ = {
			isa = PBXGroup;
			children = (
				D49B2D3423C4CB1300C1E1C6 /* Metal Stuff */,
			);
			path = Obsolete;
			sourceTree = "<group>";
		};
		D477F682239DA3FA00B8BB56 = {
			isa = PBXGroup;
			children = (
				D4233D7723CBCB3300152411 /* Obsolete */,
				D477F68D239DA3FA00B8BB56 /* ProjectOI */,
				D477F6A2239DA3FA00B8BB56 /* ProjectOITests */,
				D477F68C239DA3FA00B8BB56 /* Products */,
				D477F6AE239DA9FE00B8BB56 /* Frameworks */,
			);
			sourceTree = "<group>";
		};
		D477F68C239DA3FA00B8BB56 /* Products */ = {
			isa = PBXGroup;
			children = (
				D477F68B239DA3FA00B8BB56 /* ProjectOI.app */,
				D477F69F239DA3FA00B8BB56 /* ProjectOITests.xctest */,
			);
			name = Products;
			sourceTree = "<group>";
		};
		D477F68D239DA3FA00B8BB56 /* ProjectOI */ = {
			isa = PBXGroup;
			children = (
				D4233D7423CBACE600152411 /* XML Configs */,
				D4233D7323CBAC6B00152411 /* Interop Classes */,
				D4233D7223CBAC3D00152411 /* iOS Classes */,
				D4233D7023CBAC1600152411 /* Game Classes */,
				D477F695239DA3FA00B8BB56 /* Assets.xcassets */,
				D477F6C3239DCFD400B8BB56 /* ProjectOI-Bridging-Header.h */,
				D477F697239DA3FA00B8BB56 /* LaunchScreen.storyboard */,
				D477F69A239DA3FA00B8BB56 /* Info.plist */,
			);
			path = ProjectOI;
			sourceTree = "<group>";
		};
		D477F6A2239DA3FA00B8BB56 /* ProjectOITests */ = {
			isa = PBXGroup;
			children = (
				D4713E6A23ABC58C00259583 /* GameWorldTests.swift */,
				D477F6A3239DA3FA00B8BB56 /* ProjectOITests.swift */,
				D477F6A5239DA3FA00B8BB56 /* Info.plist */,
				D477F6CF23A1B8FC00B8BB56 /* LevelManagerTests.swift */,
				D4713E7323ABC8B300259583 /* PlayerTests.swift */,
				D4713E7523ABCBA000259583 /* GameObjectTests.swift */,
				D4713E7B23B4F9FB00259583 /* EnemyTests.swift */,
				D4713E7D23B4FA1000259583 /* SentientActorTests.swift */,
				D4233D6A23CB902E00152411 /* GameSceneTests.swift */,
				D417056923D39476002425B1 /* InputTests.swift */,
				D417057123DE20DA002425B1 /* LevelTests.swift */,
				D417057523DE4495002425B1 /* GameTimerTests.swift */,
				D47F71D723E0857E00C90BA4 /* GameSettingsXMLTests.swift */,
				D47F71E123E1D88100C90BA4 /* MathTests.swift */,
			);
			path = ProjectOITests;
			sourceTree = "<group>";
		};
		D477F6AE239DA9FE00B8BB56 /* Frameworks */ = {
			isa = PBXGroup;
			children = (
				D477F6DB23A586E500B8BB56 /* Metal.framework */,
				D477F6C7239DD9A200B8BB56 /* libxml2.tbd */,
				D477F6B1239DAAA500B8BB56 /* SceneKit.framework */,
				D477F6AF239DA9FE00B8BB56 /* SpriteKit.framework */,
			);
			name = Frameworks;
			sourceTree = "<group>";
		};
		D49B2D3423C4CB1300C1E1C6 /* Metal Stuff */ = {
			isa = PBXGroup;
			children = (
				D4713E5923A8619800259583 /* MySceneViewController.swift */,
				D4713E5823A8619800259583 /* MetalViewController.swift */,
				D4713E5E23A875F300259583 /* MetalTexture.swift */,
				D4713E4F23A6BCD200259583 /* Matrix4.h */,
				D4713E5023A6BCD300259583 /* Matrix4.m */,
				D4713E5C23A868C000259583 /* BufferProvider.swift */,
				D4713E5223A6BD6B00259583 /* Node3d.swift */,
				D477F6D323A55C5B00B8BB56 /* Vertex.swift */,
				D4713E6023A87A8D00259583 /* cube.png */,
				D4713E5623A6C70500259583 /* Cube.swift */,
				D4713E4823A6B31200259583 /* Shaders.metal */,
			);
			path = "Metal Stuff";
			sourceTree = "<group>";
		};
/* End PBXGroup section */

/* Begin PBXNativeTarget section */
		D477F68A239DA3FA00B8BB56 /* ProjectOI */ = {
			isa = PBXNativeTarget;
			buildConfigurationList = D477F6A8239DA3FA00B8BB56 /* Build configuration list for PBXNativeTarget "ProjectOI" */;
			buildPhases = (
				D477F687239DA3FA00B8BB56 /* Sources */,
				D477F688239DA3FA00B8BB56 /* Frameworks */,
				D477F689239DA3FA00B8BB56 /* Resources */,
			);
			buildRules = (
			);
			dependencies = (
			);
			name = ProjectOI;
			productName = ProjectOI;
			productReference = D477F68B239DA3FA00B8BB56 /* ProjectOI.app */;
			productType = "com.apple.product-type.application";
		};
		D477F69E239DA3FA00B8BB56 /* ProjectOITests */ = {
			isa = PBXNativeTarget;
			buildConfigurationList = D477F6AB239DA3FA00B8BB56 /* Build configuration list for PBXNativeTarget "ProjectOITests" */;
			buildPhases = (
				D477F69B239DA3FA00B8BB56 /* Sources */,
				D477F69C239DA3FA00B8BB56 /* Frameworks */,
				D477F69D239DA3FA00B8BB56 /* Resources */,
			);
			buildRules = (
			);
			dependencies = (
				D477F6A1239DA3FA00B8BB56 /* PBXTargetDependency */,
			);
			name = ProjectOITests;
			productName = ProjectOITests;
			productReference = D477F69F239DA3FA00B8BB56 /* ProjectOITests.xctest */;
			productType = "com.apple.product-type.bundle.unit-test";
		};
/* End PBXNativeTarget section */

/* Begin PBXProject section */
		D477F683239DA3FA00B8BB56 /* Project object */ = {
			isa = PBXProject;
			attributes = {
				LastSwiftUpdateCheck = 0920;
				LastUpgradeCheck = 1130;
				ORGANIZATIONNAME = "Robert Gray";
				TargetAttributes = {
					D477F68A239DA3FA00B8BB56 = {
						CreatedOnToolsVersion = 9.2;
						LastSwiftMigration = 1130;
						ProvisioningStyle = Automatic;
					};
					D477F69E239DA3FA00B8BB56 = {
						CreatedOnToolsVersion = 9.2;
						LastSwiftMigration = 1130;
						ProvisioningStyle = Automatic;
						TestTargetID = D477F68A239DA3FA00B8BB56;
					};
				};
			};
			buildConfigurationList = D477F686239DA3FA00B8BB56 /* Build configuration list for PBXProject "ProjectOI" */;
			compatibilityVersion = "Xcode 8.0";
			developmentRegion = en;
			hasScannedForEncodings = 0;
			knownRegions = (
				en,
				Base,
			);
			mainGroup = D477F682239DA3FA00B8BB56;
			productRefGroup = D477F68C239DA3FA00B8BB56 /* Products */;
			projectDirPath = "";
			projectRoot = "";
			targets = (
				D477F68A239DA3FA00B8BB56 /* ProjectOI */,
				D477F69E239DA3FA00B8BB56 /* ProjectOITests */,
			);
		};
/* End PBXProject section */

/* Begin PBXResourcesBuildPhase section */
		D477F689239DA3FA00B8BB56 /* Resources */ = {
			isa = PBXResourcesBuildPhase;
			buildActionMask = 2147483647;
			files = (
				D477F699239DA3FA00B8BB56 /* LaunchScreen.storyboard in Resources */,
				D4713E6123A87A8D00259583 /* cube.png in Resources */,
				D477F696239DA3FA00B8BB56 /* Assets.xcassets in Resources */,
				D47F71D423E084CB00C90BA4 /* GameSettings.xml in Resources */,
				D477F694239DA3FA00B8BB56 /* Main.storyboard in Resources */,
				D477F6CA239E882600B8BB56 /* LEVELS.xml in Resources */,
				D47F71DC23E1CDE700C90BA4 /* TestGameSettings.xml in Resources */,
			);
			runOnlyForDeploymentPostprocessing = 0;
		};
		D477F69D239DA3FA00B8BB56 /* Resources */ = {
			isa = PBXResourcesBuildPhase;
			buildActionMask = 2147483647;
			files = (
			);
			runOnlyForDeploymentPostprocessing = 0;
		};
/* End PBXResourcesBuildPhase section */

/* Begin PBXSourcesBuildPhase section */
		D477F687239DA3FA00B8BB56 /* Sources */ = {
			isa = PBXSourcesBuildPhase;
			buildActionMask = 2147483647;
			files = (
				D4713E5F23A875F400259583 /* MetalTexture.swift in Sources */,
				D49B2D3A23C4D72B00C1E1C6 /* GameScene.swift in Sources */,
				D4713E5A23A8619900259583 /* MetalViewController.swift in Sources */,
				D4713E5323A6BD6B00259583 /* Node3d.swift in Sources */,
				D47F71DE23E1D86900C90BA4 /* Math.swift in Sources */,
				D47F71D623E0856E00C90BA4 /* GameSettingsXML.swift in Sources */,
				D4713E4923A6B31200259583 /* Shaders.metal in Sources */,
				D4713E6723ABC3E000259583 /* Player.swift in Sources */,
				D49B2D4223C61EA100C1E1C6 /* Node.swift in Sources */,
				D477F6CC239E934000B8BB56 /* Enemy.swift in Sources */,
				D4713E5B23A8619900259583 /* MySceneViewController.swift in Sources */,
				D477F68F239DA3FA00B8BB56 /* AppDelegate.swift in Sources */,
				D4713E7823ABCBB500259583 /* GameObject.swift in Sources */,
				D4713E7A23B4F9CF00259583 /* SentientActor.swift in Sources */,
				D4713E5D23A868C000259583 /* BufferProvider.swift in Sources */,
				D4713E6623ABC3E000259583 /* GameWorld.swift in Sources */,
				D4CB89FD23CD603400A76D64 /* Input.swift in Sources */,
				D477F6D423A55C5B00B8BB56 /* Vertex.swift in Sources */,
				D477F6C1239DC86D00B8BB56 /* Level.swift in Sources */,
				D4713E5123A6BCD300259583 /* Matrix4.m in Sources */,
				D4713E6823ABC3E000259583 /* LevelManager.swift in Sources */,
				D4713E6F23ABC73400259583 /* Vector3.swift in Sources */,
				D4713E5723A6C70500259583 /* Cube.swift in Sources */,
				D49B2D4023C4D8D700C1E1C6 /* MainViewController.swift in Sources */,
				D417057423DE447F002425B1 /* GameTimer.swift in Sources */,
			);
			runOnlyForDeploymentPostprocessing = 0;
		};
		D477F69B239DA3FA00B8BB56 /* Sources */ = {
			isa = PBXSourcesBuildPhase;
			buildActionMask = 2147483647;
			files = (
				D4713E7423ABC8B300259583 /* PlayerTests.swift in Sources */,
				D477F6A4239DA3FA00B8BB56 /* ProjectOITests.swift in Sources */,
				D47F71E223E1D88100C90BA4 /* MathTests.swift in Sources */,
				D4233D6B23CB902E00152411 /* GameSceneTests.swift in Sources */,
				D417056A23D39476002425B1 /* InputTests.swift in Sources */,
				D47F71D823E0857E00C90BA4 /* GameSettingsXMLTests.swift in Sources */,
				D477F6D023A1B8FC00B8BB56 /* LevelManagerTests.swift in Sources */,
				D4713E7E23B4FA1000259583 /* SentientActorTests.swift in Sources */,
				D4713E6C23ABC58C00259583 /* GameWorldTests.swift in Sources */,
				D417057623DE4495002425B1 /* GameTimerTests.swift in Sources */,
				D4713E7C23B4F9FB00259583 /* EnemyTests.swift in Sources */,
				D417057223DE20DA002425B1 /* LevelTests.swift in Sources */,
				D4713E7623ABCBA000259583 /* GameObjectTests.swift in Sources */,
			);
			runOnlyForDeploymentPostprocessing = 0;
		};
/* End PBXSourcesBuildPhase section */

/* Begin PBXTargetDependency section */
		D477F6A1239DA3FA00B8BB56 /* PBXTargetDependency */ = {
			isa = PBXTargetDependency;
			target = D477F68A239DA3FA00B8BB56 /* ProjectOI */;
			targetProxy = D477F6A0239DA3FA00B8BB56 /* PBXContainerItemProxy */;
		};
/* End PBXTargetDependency section */

/* Begin PBXVariantGroup section */
		D477F692239DA3FA00B8BB56 /* Main.storyboard */ = {
			isa = PBXVariantGroup;
			children = (
				D477F693239DA3FA00B8BB56 /* Base */,
			);
			name = Main.storyboard;
			sourceTree = "<group>";
		};
		D477F697239DA3FA00B8BB56 /* LaunchScreen.storyboard */ = {
			isa = PBXVariantGroup;
			children = (
				D477F698239DA3FA00B8BB56 /* Base */,
			);
			name = LaunchScreen.storyboard;
			sourceTree = "<group>";
		};
/* End PBXVariantGroup section */

/* Begin XCBuildConfiguration section */
		D477F6A6239DA3FA00B8BB56 /* Debug */ = {
			isa = XCBuildConfiguration;
			buildSettings = {
				ALWAYS_SEARCH_USER_PATHS = NO;
				CLANG_ANALYZER_NONNULL = YES;
				CLANG_ANALYZER_NUMBER_OBJECT_CONVERSION = YES_AGGRESSIVE;
				CLANG_CXX_LANGUAGE_STANDARD = "gnu++14";
				CLANG_CXX_LIBRARY = "libc++";
				CLANG_ENABLE_MODULES = YES;
				CLANG_ENABLE_OBJC_ARC = YES;
				CLANG_WARN_BLOCK_CAPTURE_AUTORELEASING = YES;
				CLANG_WARN_BOOL_CONVERSION = YES;
				CLANG_WARN_COMMA = YES;
				CLANG_WARN_CONSTANT_CONVERSION = YES;
				CLANG_WARN_DEPRECATED_OBJC_IMPLEMENTATIONS = YES;
				CLANG_WARN_DIRECT_OBJC_ISA_USAGE = YES_ERROR;
				CLANG_WARN_DOCUMENTATION_COMMENTS = YES;
				CLANG_WARN_EMPTY_BODY = YES;
				CLANG_WARN_ENUM_CONVERSION = YES;
				CLANG_WARN_INFINITE_RECURSION = YES;
				CLANG_WARN_INT_CONVERSION = YES;
				CLANG_WARN_NON_LITERAL_NULL_CONVERSION = YES;
				CLANG_WARN_OBJC_IMPLICIT_RETAIN_SELF = YES;
				CLANG_WARN_OBJC_LITERAL_CONVERSION = YES;
				CLANG_WARN_OBJC_ROOT_CLASS = YES_ERROR;
				CLANG_WARN_RANGE_LOOP_ANALYSIS = YES;
				CLANG_WARN_STRICT_PROTOTYPES = YES;
				CLANG_WARN_SUSPICIOUS_MOVE = YES;
				CLANG_WARN_UNGUARDED_AVAILABILITY = YES_AGGRESSIVE;
				CLANG_WARN_UNREACHABLE_CODE = YES;
				CLANG_WARN__DUPLICATE_METHOD_MATCH = YES;
				CODE_SIGN_IDENTITY = "iPhone Developer";
				COPY_PHASE_STRIP = NO;
				DEBUG_INFORMATION_FORMAT = dwarf;
				ENABLE_STRICT_OBJC_MSGSEND = YES;
				ENABLE_TESTABILITY = YES;
				GCC_C_LANGUAGE_STANDARD = gnu11;
				GCC_DYNAMIC_NO_PIC = NO;
				GCC_NO_COMMON_BLOCKS = YES;
				GCC_OPTIMIZATION_LEVEL = 0;
				GCC_PREPROCESSOR_DEFINITIONS = (
					"DEBUG=1",
					"$(inherited)",
				);
				GCC_WARN_64_TO_32_BIT_CONVERSION = YES;
				GCC_WARN_ABOUT_RETURN_TYPE = YES_ERROR;
				GCC_WARN_UNDECLARED_SELECTOR = YES;
				GCC_WARN_UNINITIALIZED_AUTOS = YES_AGGRESSIVE;
				GCC_WARN_UNUSED_FUNCTION = YES;
				GCC_WARN_UNUSED_VARIABLE = YES;
				IPHONEOS_DEPLOYMENT_TARGET = 13.0;
				MTL_ENABLE_DEBUG_INFO = YES;
				ONLY_ACTIVE_ARCH = YES;
				SDKROOT = iphoneos;
				SWIFT_ACTIVE_COMPILATION_CONDITIONS = DEBUG;
				SWIFT_OPTIMIZATION_LEVEL = "-Onone";
			};
			name = Debug;
		};
		D477F6A7239DA3FA00B8BB56 /* Release */ = {
			isa = XCBuildConfiguration;
			buildSettings = {
				ALWAYS_SEARCH_USER_PATHS = NO;
				CLANG_ANALYZER_NONNULL = YES;
				CLANG_ANALYZER_NUMBER_OBJECT_CONVERSION = YES_AGGRESSIVE;
				CLANG_CXX_LANGUAGE_STANDARD = "gnu++14";
				CLANG_CXX_LIBRARY = "libc++";
				CLANG_ENABLE_MODULES = YES;
				CLANG_ENABLE_OBJC_ARC = YES;
				CLANG_WARN_BLOCK_CAPTURE_AUTORELEASING = YES;
				CLANG_WARN_BOOL_CONVERSION = YES;
				CLANG_WARN_COMMA = YES;
				CLANG_WARN_CONSTANT_CONVERSION = YES;
				CLANG_WARN_DEPRECATED_OBJC_IMPLEMENTATIONS = YES;
				CLANG_WARN_DIRECT_OBJC_ISA_USAGE = YES_ERROR;
				CLANG_WARN_DOCUMENTATION_COMMENTS = YES;
				CLANG_WARN_EMPTY_BODY = YES;
				CLANG_WARN_ENUM_CONVERSION = YES;
				CLANG_WARN_INFINITE_RECURSION = YES;
				CLANG_WARN_INT_CONVERSION = YES;
				CLANG_WARN_NON_LITERAL_NULL_CONVERSION = YES;
				CLANG_WARN_OBJC_IMPLICIT_RETAIN_SELF = YES;
				CLANG_WARN_OBJC_LITERAL_CONVERSION = YES;
				CLANG_WARN_OBJC_ROOT_CLASS = YES_ERROR;
				CLANG_WARN_RANGE_LOOP_ANALYSIS = YES;
				CLANG_WARN_STRICT_PROTOTYPES = YES;
				CLANG_WARN_SUSPICIOUS_MOVE = YES;
				CLANG_WARN_UNGUARDED_AVAILABILITY = YES_AGGRESSIVE;
				CLANG_WARN_UNREACHABLE_CODE = YES;
				CLANG_WARN__DUPLICATE_METHOD_MATCH = YES;
				CODE_SIGN_IDENTITY = "iPhone Developer";
				COPY_PHASE_STRIP = NO;
				DEBUG_INFORMATION_FORMAT = "dwarf-with-dsym";
				ENABLE_NS_ASSERTIONS = NO;
				ENABLE_STRICT_OBJC_MSGSEND = YES;
				GCC_C_LANGUAGE_STANDARD = gnu11;
				GCC_NO_COMMON_BLOCKS = YES;
				GCC_WARN_64_TO_32_BIT_CONVERSION = YES;
				GCC_WARN_ABOUT_RETURN_TYPE = YES_ERROR;
				GCC_WARN_UNDECLARED_SELECTOR = YES;
				GCC_WARN_UNINITIALIZED_AUTOS = YES_AGGRESSIVE;
				GCC_WARN_UNUSED_FUNCTION = YES;
				GCC_WARN_UNUSED_VARIABLE = YES;
				IPHONEOS_DEPLOYMENT_TARGET = 13.0;
				MTL_ENABLE_DEBUG_INFO = NO;
				SDKROOT = iphoneos;
				SWIFT_OPTIMIZATION_LEVEL = "-Owholemodule";
				VALIDATE_PRODUCT = YES;
			};
			name = Release;
		};
		D477F6A9239DA3FA00B8BB56 /* Debug */ = {
			isa = XCBuildConfiguration;
			buildSettings = {
				ASSETCATALOG_COMPILER_APPICON_NAME = AppIcon;
				CLANG_ENABLE_MODULES = YES;
				CODE_SIGN_STYLE = Automatic;
				DEVELOPMENT_TEAM = D3L77M4EDX;
				HEADER_SEARCH_PATHS = "";
				INFOPLIST_FILE = ProjectOI/Info.plist;
				IPHONEOS_DEPLOYMENT_TARGET = 13.0;
				LD_RUNPATH_SEARCH_PATHS = "$(inherited) @executable_path/Frameworks";
				OTHER_LDFLAGS = "";
				PRODUCT_BUNDLE_IDENTIFIER = "Robert-Gray.ProjectOI";
				PRODUCT_NAME = "$(TARGET_NAME)";
				SWIFT_OBJC_BRIDGING_HEADER = "ProjectOI/ProjectOI-Bridging-Header.h";
				SWIFT_OPTIMIZATION_LEVEL = "-Onone";
				SWIFT_VERSION = 5.0;
				TARGETED_DEVICE_FAMILY = "1,2";
			};
			name = Debug;
		};
		D477F6AA239DA3FA00B8BB56 /* Release */ = {
			isa = XCBuildConfiguration;
			buildSettings = {
				ASSETCATALOG_COMPILER_APPICON_NAME = AppIcon;
				CLANG_ENABLE_MODULES = YES;
				CODE_SIGN_STYLE = Automatic;
				DEVELOPMENT_TEAM = D3L77M4EDX;
				HEADER_SEARCH_PATHS = "";
				INFOPLIST_FILE = ProjectOI/Info.plist;
				IPHONEOS_DEPLOYMENT_TARGET = 13.0;
				LD_RUNPATH_SEARCH_PATHS = "$(inherited) @executable_path/Frameworks";
				OTHER_LDFLAGS = "";
				PRODUCT_BUNDLE_IDENTIFIER = "Robert-Gray.ProjectOI";
				PRODUCT_NAME = "$(TARGET_NAME)";
				SWIFT_OBJC_BRIDGING_HEADER = "ProjectOI/ProjectOI-Bridging-Header.h";
				SWIFT_VERSION = 5.0;
				TARGETED_DEVICE_FAMILY = "1,2";
			};
			name = Release;
		};
		D477F6AC239DA3FA00B8BB56 /* Debug */ = {
			isa = XCBuildConfiguration;
			buildSettings = {
				ALWAYS_EMBED_SWIFT_STANDARD_LIBRARIES = YES;
				BUNDLE_LOADER = "$(TEST_HOST)";
				CODE_SIGN_STYLE = Automatic;
				DEVELOPMENT_TEAM = D3L77M4EDX;
				INFOPLIST_FILE = ProjectOITests/Info.plist;
				LD_RUNPATH_SEARCH_PATHS = "$(inherited) @executable_path/Frameworks @loader_path/Frameworks";
				PRODUCT_BUNDLE_IDENTIFIER = "Robert-Gray.ProjectOITests";
				PRODUCT_NAME = "$(TARGET_NAME)";
				SWIFT_VERSION = 5.0;
				TARGETED_DEVICE_FAMILY = "1,2";
				TEST_HOST = "$(BUILT_PRODUCTS_DIR)/ProjectOI.app/ProjectOI";
			};
			name = Debug;
		};
		D477F6AD239DA3FA00B8BB56 /* Release */ = {
			isa = XCBuildConfiguration;
			buildSettings = {
				ALWAYS_EMBED_SWIFT_STANDARD_LIBRARIES = YES;
				BUNDLE_LOADER = "$(TEST_HOST)";
				CODE_SIGN_STYLE = Automatic;
				DEVELOPMENT_TEAM = D3L77M4EDX;
				INFOPLIST_FILE = ProjectOITests/Info.plist;
				LD_RUNPATH_SEARCH_PATHS = "$(inherited) @executable_path/Frameworks @loader_path/Frameworks";
				PRODUCT_BUNDLE_IDENTIFIER = "Robert-Gray.ProjectOITests";
				PRODUCT_NAME = "$(TARGET_NAME)";
				SWIFT_VERSION = 5.0;
				TARGETED_DEVICE_FAMILY = "1,2";
				TEST_HOST = "$(BUILT_PRODUCTS_DIR)/ProjectOI.app/ProjectOI";
			};
			name = Release;
		};
/* End XCBuildConfiguration section */

/* Begin XCConfigurationList section */
		D477F686239DA3FA00B8BB56 /* Build configuration list for PBXProject "ProjectOI" */ = {
			isa = XCConfigurationList;
			buildConfigurations = (
				D477F6A6239DA3FA00B8BB56 /* Debug */,
				D477F6A7239DA3FA00B8BB56 /* Release */,
			);
			defaultConfigurationIsVisible = 0;
			defaultConfigurationName = Release;
		};
		D477F6A8239DA3FA00B8BB56 /* Build configuration list for PBXNativeTarget "ProjectOI" */ = {
			isa = XCConfigurationList;
			buildConfigurations = (
				D477F6A9239DA3FA00B8BB56 /* Debug */,
				D477F6AA239DA3FA00B8BB56 /* Release */,
			);
			defaultConfigurationIsVisible = 0;
			defaultConfigurationName = Release;
		};
		D477F6AB239DA3FA00B8BB56 /* Build configuration list for PBXNativeTarget "ProjectOITests" */ = {
			isa = XCConfigurationList;
			buildConfigurations = (
				D477F6AC239DA3FA00B8BB56 /* Debug */,
				D477F6AD239DA3FA00B8BB56 /* Release */,
			);
			defaultConfigurationIsVisible = 0;
			defaultConfigurationName = Release;
		};
/* End XCConfigurationList section */
	};
	rootObject = D477F683239DA3FA00B8BB56 /* Project object */;
}
